// !$*UTF8*$!
{
	archiveVersion = 1;
	classes = {
	};
	objectVersion = 77;
	objects = {

/* Begin PBXBuildFile section */
		BB4D97AA2E3B4B6500927129 /* StarNetBin in Resources */ = {isa = PBXBuildFile; fileRef = BB4D97A92E3B4B6500927129 /* StarNetBin */; };
/* End PBXBuildFile section */

/* Begin PBXContainerItemProxy section */
		BBF137152E3A679900467C8E /* PBXContainerItemProxy */ = {
			isa = PBXContainerItemProxy;
			containerPortal = BBF136FE2E3A679800467C8E /* Project object */;
			proxyType = 1;
			remoteGlobalIDString = BBF137052E3A679800467C8E;
			remoteInfo = StarNetPro;
		};
		BBF1371F2E3A679900467C8E /* PBXContainerItemProxy */ = {
			isa = PBXContainerItemProxy;
			containerPortal = BBF136FE2E3A679800467C8E /* Project object */;
			proxyType = 1;
			remoteGlobalIDString = BBF137052E3A679800467C8E;
			remoteInfo = StarNetPro;
		};
/* End PBXContainerItemProxy section */

/* Begin PBXFileReference section */
		BB4D97A92E3B4B6500927129 /* StarNetBin */ = {isa = PBXFileReference; lastKnownFileType = folder; path = StarNetBin; sourceTree = "<group>"; };
		BBF137062E3A679800467C8E /* StarNetPro.app */ = {isa = PBXFileReference; explicitFileType = wrapper.application; includeInIndex = 0; path = StarNetPro.app; sourceTree = BUILT_PRODUCTS_DIR; };
		BBF137142E3A679900467C8E /* StarNetProTests.xctest */ = {isa = PBXFileReference; explicitFileType = wrapper.cfbundle; includeInIndex = 0; path = StarNetProTests.xctest; sourceTree = BUILT_PRODUCTS_DIR; };
		BBF1371E2E3A679900467C8E /* StarNetProUITests.xctest */ = {isa = PBXFileReference; explicitFileType = wrapper.cfbundle; includeInIndex = 0; path = StarNetProUITests.xctest; sourceTree = BUILT_PRODUCTS_DIR; };
/* End PBXFileReference section */

/* Begin PBXFileSystemSynchronizedRootGroup section */
		BBF137082E3A679800467C8E /* StarNetPro */ = {
			isa = PBXFileSystemSynchronizedRootGroup;
			path = StarNetPro;
			sourceTree = "<group>";
		};
		BBF137172E3A679900467C8E /* StarNetProTests */ = {
			isa = PBXFileSystemSynchronizedRootGroup;
			path = StarNetProTests;
			sourceTree = "<group>";
		};
		BBF137212E3A679900467C8E /* StarNetProUITests */ = {
			isa = PBXFileSystemSynchronizedRootGroup;
			path = StarNetProUITests;
			sourceTree = "<group>";
		};
/* End PBXFileSystemSynchronizedRootGroup section */

/* Begin PBXFrameworksBuildPhase section */
		BBF137032E3A679800467C8E /* Frameworks */ = {
			isa = PBXFrameworksBuildPhase;
			buildActionMask = 2147483647;
			files = (
			);
			runOnlyForDeploymentPostprocessing = 0;
		};
		BBF137112E3A679900467C8E /* Frameworks */ = {
			isa = PBXFrameworksBuildPhase;
			buildActionMask = 2147483647;
			files = (
			);
			runOnlyForDeploymentPostprocessing = 0;
		};
		BBF1371B2E3A679900467C8E /* Frameworks */ = {
			isa = PBXFrameworksBuildPhase;
			buildActionMask = 2147483647;
			files = (
			);
			runOnlyForDeploymentPostprocessing = 0;
		};
/* End PBXFrameworksBuildPhase section */

/* Begin PBXGroup section */
		BBF136FD2E3A679800467C8E = {
			isa = PBXGroup;
			children = (
				BB4D97A92E3B4B6500927129 /* StarNetBin */,
				BBF137082E3A679800467C8E /* StarNetPro */,
				BBF137172E3A679900467C8E /* StarNetProTests */,
				BBF137212E3A679900467C8E /* StarNetProUITests */,
				BBF137072E3A679800467C8E /* Products */,
			);
			sourceTree = "<group>";
		};
		BBF137072E3A679800467C8E /* Products */ = {
			isa = PBXGroup;
			children = (
				BBF137062E3A679800467C8E /* StarNetPro.app */,
				BBF137142E3A679900467C8E /* StarNetProTests.xctest */,
				BBF1371E2E3A679900467C8E /* StarNetProUITests.xctest */,
			);
			name = Products;
			sourceTree = "<group>";
		};
/* End PBXGroup section */

/* Begin PBXNativeTarget section */
		BBF137052E3A679800467C8E /* StarNetPro */ = {
			isa = PBXNativeTarget;
			buildConfigurationList = BBF137282E3A679900467C8E /* Build configuration list for PBXNativeTarget "StarNetPro" */;
			buildPhases = (
				BBF137022E3A679800467C8E /* Sources */,
				BBF137032E3A679800467C8E /* Frameworks */,
				BBF137042E3A679800467C8E /* Resources */,
			);
			buildRules = (
			);
			dependencies = (
			);
			fileSystemSynchronizedGroups = (
				BBF137082E3A679800467C8E /* StarNetPro */,
			);
			name = StarNetPro;
			packageProductDependencies = (
			);
			productName = StarNetPro;
			productReference = BBF137062E3A679800467C8E /* StarNetPro.app */;
			productType = "com.apple.product-type.application";
		};
		BBF137132E3A679900467C8E /* StarNetProTests */ = {
			isa = PBXNativeTarget;
			buildConfigurationList = BBF1372B2E3A679900467C8E /* Build configuration list for PBXNativeTarget "StarNetProTests" */;
			buildPhases = (
				BBF137102E3A679900467C8E /* Sources */,
				BBF137112E3A679900467C8E /* Frameworks */,
				BBF137122E3A679900467C8E /* Resources */,
			);
			buildRules = (
			);
			dependencies = (
				BBF137162E3A679900467C8E /* PBXTargetDependency */,
			);
			fileSystemSynchronizedGroups = (
				BBF137172E3A679900467C8E /* StarNetProTests */,
			);
			name = StarNetProTests;
			packageProductDependencies = (
			);
			productName = StarNetProTests;
			productReference = BBF137142E3A679900467C8E /* StarNetProTests.xctest */;
			productType = "com.apple.product-type.bundle.unit-test";
		};
		BBF1371D2E3A679900467C8E /* StarNetProUITests */ = {
			isa = PBXNativeTarget;
			buildConfigurationList = BBF1372E2E3A679900467C8E /* Build configuration list for PBXNativeTarget "StarNetProUITests" */;
			buildPhases = (
				BBF1371A2E3A679900467C8E /* Sources */,
				BBF1371B2E3A679900467C8E /* Frameworks */,
				BBF1371C2E3A679900467C8E /* Resources */,
			);
			buildRules = (
			);
			dependencies = (
				BBF137202E3A679900467C8E /* PBXTargetDependency */,
			);
			fileSystemSynchronizedGroups = (
				BBF137212E3A679900467C8E /* StarNetProUITests */,
			);
			name = StarNetProUITests;
			packageProductDependencies = (
			);
			productName = StarNetProUITests;
			productReference = BBF1371E2E3A679900467C8E /* StarNetProUITests.xctest */;
			productType = "com.apple.product-type.bundle.ui-testing";
		};
/* End PBXNativeTarget section */

/* Begin PBXProject section */
		BBF136FE2E3A679800467C8E /* Project object */ = {
			isa = PBXProject;
			attributes = {
				BuildIndependentTargetsInParallel = 1;
				KnownAssetTags = (
					New,
				);
				LastSwiftUpdateCheck = 1640;
				LastUpgradeCheck = 1640;
				TargetAttributes = {
					BBF137052E3A679800467C8E = {
						CreatedOnToolsVersion = 16.4;
					};
					BBF137132E3A679900467C8E = {
						CreatedOnToolsVersion = 16.4;
						TestTargetID = BBF137052E3A679800467C8E;
					};
					BBF1371D2E3A679900467C8E = {
						CreatedOnToolsVersion = 16.4;
						TestTargetID = BBF137052E3A679800467C8E;
					};
				};
			};
			buildConfigurationList = BBF137012E3A679800467C8E /* Build configuration list for PBXProject "StarNetPro" */;
			developmentRegion = en;
			hasScannedForEncodings = 0;
			knownRegions = (
				en,
				Base,
			);
			mainGroup = BBF136FD2E3A679800467C8E;
			minimizedProjectReferenceProxies = 1;
			preferredProjectObjectVersion = 77;
			productRefGroup = BBF137072E3A679800467C8E /* Products */;
			projectDirPath = "";
			projectRoot = "";
			targets = (
				BBF137052E3A679800467C8E /* StarNetPro */,
				BBF137132E3A679900467C8E /* StarNetProTests */,
				BBF1371D2E3A679900467C8E /* StarNetProUITests */,
			);
		};
/* End PBXProject section */

/* Begin PBXResourcesBuildPhase section */
		BBF137042E3A679800467C8E /* Resources */ = {
			isa = PBXResourcesBuildPhase;
			buildActionMask = 2147483647;
			files = (
				BB4D97AA2E3B4B6500927129 /* StarNetBin in Resources */,
			);
			runOnlyForDeploymentPostprocessing = 0;
		};
		BBF137122E3A679900467C8E /* Resources */ = {
			isa = PBXResourcesBuildPhase;
			buildActionMask = 2147483647;
			files = (
			);
			runOnlyForDeploymentPostprocessing = 0;
		};
		BBF1371C2E3A679900467C8E /* Resources */ = {
			isa = PBXResourcesBuildPhase;
			buildActionMask = 2147483647;
			files = (
			);
			runOnlyForDeploymentPostprocessing = 0;
		};
/* End PBXResourcesBuildPhase section */

/* Begin PBXSourcesBuildPhase section */
		BBF137022E3A679800467C8E /* Sources */ = {
			isa = PBXSourcesBuildPhase;
			buildActionMask = 2147483647;
			files = (
			);
			runOnlyForDeploymentPostprocessing = 0;
		};
		BBF137102E3A679900467C8E /* Sources */ = {
			isa = PBXSourcesBuildPhase;
			buildActionMask = 2147483647;
			files = (
			);
			runOnlyForDeploymentPostprocessing = 0;
		};
		BBF1371A2E3A679900467C8E /* Sources */ = {
			isa = PBXSourcesBuildPhase;
			buildActionMask = 2147483647;
			files = (
			);
			runOnlyForDeploymentPostprocessing = 0;
		};
/* End PBXSourcesBuildPhase section */

/* Begin PBXTargetDependency section */
		BBF137162E3A679900467C8E /* PBXTargetDependency */ = {
			isa = PBXTargetDependency;
			target = BBF137052E3A679800467C8E /* StarNetPro */;
			targetProxy = BBF137152E3A679900467C8E /* PBXContainerItemProxy */;
		};
		BBF137202E3A679900467C8E /* PBXTargetDependency */ = {
			isa = PBXTargetDependency;
			target = BBF137052E3A679800467C8E /* StarNetPro */;
			targetProxy = BBF1371F2E3A679900467C8E /* PBXContainerItemProxy */;
		};
/* End PBXTargetDependency section */

/* Begin XCBuildConfiguration section */
		BBF137262E3A679900467C8E /* Debug */ = {
			isa = XCBuildConfiguration;
			buildSettings = {
				ALWAYS_SEARCH_USER_PATHS = NO;
				ASSETCATALOG_COMPILER_GENERATE_SWIFT_ASSET_SYMBOL_EXTENSIONS = YES;
				CLANG_ANALYZER_NONNULL = YES;
				CLANG_ANALYZER_NUMBER_OBJECT_CONVERSION = YES_AGGRESSIVE;
				CLANG_CXX_LANGUAGE_STANDARD = "gnu++20";
				CLANG_ENABLE_MODULES = YES;
				CLANG_ENABLE_OBJC_ARC = YES;
				CLANG_ENABLE_OBJC_WEAK = YES;
				CLANG_WARN_BLOCK_CAPTURE_AUTORELEASING = YES;
				CLANG_WARN_BOOL_CONVERSION = YES;
				CLANG_WARN_COMMA = YES;
				CLANG_WARN_CONSTANT_CONVERSION = YES;
				CLANG_WARN_DEPRECATED_OBJC_IMPLEMENTATIONS = YES;
				CLANG_WARN_DIRECT_OBJC_ISA_USAGE = YES_ERROR;
				CLANG_WARN_DOCUMENTATION_COMMENTS = YES;
				CLANG_WARN_EMPTY_BODY = YES;
				CLANG_WARN_ENUM_CONVERSION = YES;
				CLANG_WARN_INFINITE_RECURSION = YES;
				CLANG_WARN_INT_CONVERSION = YES;
				CLANG_WARN_NON_LITERAL_NULL_CONVERSION = YES;
				CLANG_WARN_OBJC_IMPLICIT_RETAIN_SELF = YES;
				CLANG_WARN_OBJC_LITERAL_CONVERSION = YES;
				CLANG_WARN_OBJC_ROOT_CLASS = YES_ERROR;
				CLANG_WARN_QUOTED_INCLUDE_IN_FRAMEWORK_HEADER = YES;
				CLANG_WARN_RANGE_LOOP_ANALYSIS = YES;
				CLANG_WARN_STRICT_PROTOTYPES = YES;
				CLANG_WARN_SUSPICIOUS_MOVE = YES;
				CLANG_WARN_UNGUARDED_AVAILABILITY = YES_AGGRESSIVE;
				CLANG_WARN_UNREACHABLE_CODE = YES;
				CLANG_WARN__DUPLICATE_METHOD_MATCH = YES;
				COPY_PHASE_STRIP = NO;
				DEBUG_INFORMATION_FORMAT = dwarf;
				ENABLE_STRICT_OBJC_MSGSEND = YES;
				ENABLE_TESTABILITY = YES;
				ENABLE_USER_SCRIPT_SANDBOXING = YES;
				GCC_C_LANGUAGE_STANDARD = gnu17;
				GCC_DYNAMIC_NO_PIC = NO;
				GCC_NO_COMMON_BLOCKS = YES;
				GCC_OPTIMIZATION_LEVEL = 0;
				GCC_PREPROCESSOR_DEFINITIONS = (
					"DEBUG=1",
					"$(inherited)",
				);
				GCC_WARN_64_TO_32_BIT_CONVERSION = YES;
				GCC_WARN_ABOUT_RETURN_TYPE = YES_ERROR;
				GCC_WARN_UNDECLARED_SELECTOR = YES;
				GCC_WARN_UNINITIALIZED_AUTOS = YES_AGGRESSIVE;
				GCC_WARN_UNUSED_FUNCTION = YES;
				GCC_WARN_UNUSED_VARIABLE = YES;
				LOCALIZATION_PREFERS_STRING_CATALOGS = YES;
				MACOSX_DEPLOYMENT_TARGET = 15.5;
				MTL_ENABLE_DEBUG_INFO = INCLUDE_SOURCE;
				MTL_FAST_MATH = YES;
				ONLY_ACTIVE_ARCH = YES;
				SDKROOT = macosx;
				SWIFT_ACTIVE_COMPILATION_CONDITIONS = "DEBUG $(inherited)";
				SWIFT_OPTIMIZATION_LEVEL = "-Onone";
			};
			name = Debug;
		};
		BBF137272E3A679900467C8E /* Release */ = {
			isa = XCBuildConfiguration;
			buildSettings = {
				ALWAYS_SEARCH_USER_PATHS = NO;
				ASSETCATALOG_COMPILER_GENERATE_SWIFT_ASSET_SYMBOL_EXTENSIONS = YES;
				CLANG_ANALYZER_NONNULL = YES;
				CLANG_ANALYZER_NUMBER_OBJECT_CONVERSION = YES_AGGRESSIVE;
				CLANG_CXX_LANGUAGE_STANDARD = "gnu++20";
				CLANG_ENABLE_MODULES = YES;
				CLANG_ENABLE_OBJC_ARC = YES;
				CLANG_ENABLE_OBJC_WEAK = YES;
				CLANG_WARN_BLOCK_CAPTURE_AUTORELEASING = YES;
				CLANG_WARN_BOOL_CONVERSION = YES;
				CLANG_WARN_COMMA = YES;
				CLANG_WARN_CONSTANT_CONVERSION = YES;
				CLANG_WARN_DEPRECATED_OBJC_IMPLEMENTATIONS = YES;
				CLANG_WARN_DIRECT_OBJC_ISA_USAGE = YES_ERROR;
				CLANG_WARN_DOCUMENTATION_COMMENTS = YES;
				CLANG_WARN_EMPTY_BODY = YES;
				CLANG_WARN_ENUM_CONVERSION = YES;
				CLANG_WARN_INFINITE_RECURSION = YES;
				CLANG_WARN_INT_CONVERSION = YES;
				CLANG_WARN_NON_LITERAL_NULL_CONVERSION = YES;
				CLANG_WARN_OBJC_IMPLICIT_RETAIN_SELF = YES;
				CLANG_WARN_OBJC_LITERAL_CONVERSION = YES;
				CLANG_WARN_OBJC_ROOT_CLASS = YES_ERROR;
				CLANG_WARN_QUOTED_INCLUDE_IN_FRAMEWORK_HEADER = YES;
				CLANG_WARN_RANGE_LOOP_ANALYSIS = YES;
				CLANG_WARN_STRICT_PROTOTYPES = YES;
				CLANG_WARN_SUSPICIOUS_MOVE = YES;
				CLANG_WARN_UNGUARDED_AVAILABILITY = YES_AGGRESSIVE;
				CLANG_WARN_UNREACHABLE_CODE = YES;
				CLANG_WARN__DUPLICATE_METHOD_MATCH = YES;
				COPY_PHASE_STRIP = NO;
				DEBUG_INFORMATION_FORMAT = "dwarf-with-dsym";
				ENABLE_NS_ASSERTIONS = NO;
				ENABLE_STRICT_OBJC_MSGSEND = YES;
				ENABLE_USER_SCRIPT_SANDBOXING = YES;
				GCC_C_LANGUAGE_STANDARD = gnu17;
				GCC_NO_COMMON_BLOCKS = YES;
				GCC_WARN_64_TO_32_BIT_CONVERSION = YES;
				GCC_WARN_ABOUT_RETURN_TYPE = YES_ERROR;
				GCC_WARN_UNDECLARED_SELECTOR = YES;
				GCC_WARN_UNINITIALIZED_AUTOS = YES_AGGRESSIVE;
				GCC_WARN_UNUSED_FUNCTION = YES;
				GCC_WARN_UNUSED_VARIABLE = YES;
				LOCALIZATION_PREFERS_STRING_CATALOGS = YES;
				MACOSX_DEPLOYMENT_TARGET = 15.5;
				MTL_ENABLE_DEBUG_INFO = NO;
				MTL_FAST_MATH = YES;
				SDKROOT = macosx;
				SWIFT_COMPILATION_MODE = wholemodule;
			};
			name = Release;
		};
		BBF137292E3A679900467C8E /* Debug */ = {
			isa = XCBuildConfiguration;
			buildSettings = {
				ASSETCATALOG_COMPILER_APPICON_NAME = AppIcon;
				ASSETCATALOG_COMPILER_GLOBAL_ACCENT_COLOR_NAME = AccentColor;
				CODE_SIGN_ENTITLEMENTS = StarNetPro/StarNetPro.entitlements;
				"CODE_SIGN_IDENTITY[sdk=macosx*]" = "-";
				CODE_SIGN_STYLE = Automatic;
				COMBINE_HIDPI_IMAGES = YES;
				CURRENT_PROJECT_VERSION = 1;
				ENABLE_HARDENED_RUNTIME = NO;
				ENABLE_PREVIEWS = YES;
				GENERATE_INFOPLIST_FILE = YES;
				INFOPLIST_KEY_CFBundleDevelopmentRegion = en;
				INFOPLIST_KEY_NSHumanReadableCopyright = "";
				LD_RUNPATH_SEARCH_PATHS = (
					"$(inherited)",
					"@executable_path/../Frameworks",
				);
				LIBRARY_SEARCH_PATHS = (
					"$(inherited)",
					"$(PROJECT_DIR)/StarNetPro/Binaries/lib",
					"$(PROJECT_DIR)/StarNetPro/StarNetBin/lib/lib",
					"$(PROJECT_DIR)/StarNetBin/lib/lib",
					"$(PROJECT_DIR)/StarNetBin/lib",
					"$(PROJECT_DIR)/StarNetBIn/Lib/lib",
				);
				MARKETING_VERSION = 1.0;
				PRODUCT_BUNDLE_IDENTIFIER = "HFLS-Astronomy.StarNetPro";
				PRODUCT_NAME = "$(TARGET_NAME)";
				REGISTER_APP_GROUPS = YES;
				SWIFT_EMIT_LOC_STRINGS = YES;
				SWIFT_VERSION = 5.0;
			};
			name = Debug;
		};
		BBF1372A2E3A679900467C8E /* Release */ = {
			isa = XCBuildConfiguration;
			buildSettings = {
				ASSETCATALOG_COMPILER_APPICON_NAME = AppIcon;
				ASSETCATALOG_COMPILER_GLOBAL_ACCENT_COLOR_NAME = AccentColor;
				CODE_SIGN_ENTITLEMENTS = StarNetPro/StarNetPro.entitlements;
				"CODE_SIGN_IDENTITY[sdk=macosx*]" = "-";
				CODE_SIGN_STYLE = Automatic;
				COMBINE_HIDPI_IMAGES = YES;
				CURRENT_PROJECT_VERSION = 1;
				ENABLE_HARDENED_RUNTIME = NO;
				ENABLE_PREVIEWS = YES;
				GENERATE_INFOPLIST_FILE = YES;
				INFOPLIST_KEY_CFBundleDevelopmentRegion = en;
				INFOPLIST_KEY_NSHumanReadableCopyright = "";
				LD_RUNPATH_SEARCH_PATHS = (
					"$(inherited)",
					"@executable_path/../Frameworks",
				);
				LIBRARY_SEARCH_PATHS = (
					"$(inherited)",
					"$(PROJECT_DIR)/StarNetPro/Binaries/lib",
					"$(PROJECT_DIR)/StarNetPro/StarNetBin/lib/lib",
					"$(PROJECT_DIR)/StarNetBin/lib/lib",
					"$(PROJECT_DIR)/StarNetBin/lib",
					"$(PROJECT_DIR)/StarNetBIn/Lib/lib",
				);
				MARKETING_VERSION = 1.0;
				PRODUCT_BUNDLE_IDENTIFIER = "HFLS-Astronomy.StarNetPro";
				PRODUCT_NAME = "$(TARGET_NAME)";
				REGISTER_APP_GROUPS = YES;
				SWIFT_EMIT_LOC_STRINGS = YES;
				SWIFT_VERSION = 5.0;
			};
			name = Release;
		};
		BBF1372C2E3A679900467C8E /* Debug */ = {
			isa = XCBuildConfiguration;
			buildSettings = {
				BUNDLE_LOADER = "$(TEST_HOST)";
				CODE_SIGN_STYLE = Automatic;
				CURRENT_PROJECT_VERSION = 1;
				GENERATE_INFOPLIST_FILE = YES;
				INFOPLIST_KEY_CFBundleDevelopmentRegion = en;
				MACOSX_DEPLOYMENT_TARGET = 15.5;
				MARKETING_VERSION = 1.0;
				PRODUCT_BUNDLE_IDENTIFIER = "HFLS-Astronomy.StarNetProTests";
				PRODUCT_NAME = "$(TARGET_NAME)";
				SWIFT_EMIT_LOC_STRINGS = NO;
				SWIFT_VERSION = 5.0;
				TEST_HOST = "$(BUILT_PRODUCTS_DIR)/StarNetPro.app/$(BUNDLE_EXECUTABLE_FOLDER_PATH)/StarNetPro";
			};
			name = Debug;
		};
		BBF1372D2E3A679900467C8E /* Release */ = {
			isa = XCBuildConfiguration;
			buildSettings = {
				BUNDLE_LOADER = "$(TEST_HOST)";
				CODE_SIGN_STYLE = Automatic;
				CURRENT_PROJECT_VERSION = 1;
				GENERATE_INFOPLIST_FILE = YES;
				INFOPLIST_KEY_CFBundleDevelopmentRegion = en;
				MACOSX_DEPLOYMENT_TARGET = 15.5;
				MARKETING_VERSION = 1.0;
				PRODUCT_BUNDLE_IDENTIFIER = "HFLS-Astronomy.StarNetProTests";
				PRODUCT_NAME = "$(TARGET_NAME)";
				SWIFT_EMIT_LOC_STRINGS = NO;
				SWIFT_VERSION = 5.0;
				TEST_HOST = "$(BUILT_PRODUCTS_DIR)/StarNetPro.app/$(BUNDLE_EXECUTABLE_FOLDER_PATH)/StarNetPro";
			};
			name = Release;
		};
		BBF1372F2E3A679900467C8E /* Debug */ = {
			isa = XCBuildConfiguration;
			buildSettings = {
				CODE_SIGN_STYLE = Automatic;
				CURRENT_PROJECT_VERSION = 1;
				GENERATE_INFOPLIST_FILE = YES;
				INFOPLIST_KEY_CFBundleDevelopmentRegion = en;
				MARKETING_VERSION = 1.0;
				PRODUCT_BUNDLE_IDENTIFIER = "HFLS-Astronomy.StarNetProUITests";
				PRODUCT_NAME = "$(TARGET_NAME)";
				SWIFT_EMIT_LOC_STRINGS = NO;
				SWIFT_VERSION = 5.0;
				TEST_TARGET_NAME = StarNetPro;
			};
			name = Debug;
		};
		BBF137302E3A679900467C8E /* Release */ = {
			isa = XCBuildConfiguration;
			buildSettings = {
				CODE_SIGN_STYLE = Automatic;
				CURRENT_PROJECT_VERSION = 1;
				GENERATE_INFOPLIST_FILE = YES;
				INFOPLIST_KEY_CFBundleDevelopmentRegion = en;
				MARKETING_VERSION = 1.0;
				PRODUCT_BUNDLE_IDENTIFIER = "HFLS-Astronomy.StarNetProUITests";
				PRODUCT_NAME = "$(TARGET_NAME)";
				SWIFT_EMIT_LOC_STRINGS = NO;
				SWIFT_VERSION = 5.0;
				TEST_TARGET_NAME = StarNetPro;
			};
			name = Release;
		};
/* End XCBuildConfiguration section */

/* Begin XCConfigurationList section */
		BBF137012E3A679800467C8E /* Build configuration list for PBXProject "StarNetPro" */ = {
			isa = XCConfigurationList;
			buildConfigurations = (
				BBF137262E3A679900467C8E /* Debug */,
				BBF137272E3A679900467C8E /* Release */,
			);
			defaultConfigurationIsVisible = 0;
			defaultConfigurationName = Release;
		};
		BBF137282E3A679900467C8E /* Build configuration list for PBXNativeTarget "StarNetPro" */ = {
			isa = XCConfigurationList;
			buildConfigurations = (
				BBF137292E3A679900467C8E /* Debug */,
				BBF1372A2E3A679900467C8E /* Release */,
			);
			defaultConfigurationIsVisible = 0;
			defaultConfigurationName = Release;
		};
		BBF1372B2E3A679900467C8E /* Build configuration list for PBXNativeTarget "StarNetProTests" */ = {
			isa = XCConfigurationList;
			buildConfigurations = (
				BBF1372C2E3A679900467C8E /* Debug */,
				BBF1372D2E3A679900467C8E /* Release */,
			);
			defaultConfigurationIsVisible = 0;
			defaultConfigurationName = Release;
		};
		BBF1372E2E3A679900467C8E /* Build configuration list for PBXNativeTarget "StarNetProUITests" */ = {
			isa = XCConfigurationList;
			buildConfigurations = (
				BBF1372F2E3A679900467C8E /* Debug */,
				BBF137302E3A679900467C8E /* Release */,
			);
			defaultConfigurationIsVisible = 0;
			defaultConfigurationName = Release;
		};
/* End XCConfigurationList section */
	};
	rootObject = BBF136FE2E3A679800467C8E /* Project object */;
}
